
Microsoft Visual Studio Solution File, Format Version 12.00
# Visual Studio Version 16
VisualStudioVersion = 16.0.29009.5
MinimumVisualStudioVersion = 10.0.40219.1
Project("{9A19103F-16F7-4668-BE54-9A1E7A4F7556}") = "GBGraphics.Console", "GBGraphics.Console\GBGraphics.Console.csproj", "{340622A9-8579-4B73-B965-6276C55ED774}"
EndProject
Project("{9A19103F-16F7-4668-BE54-9A1E7A4F7556}") = "GBGraphics.Core", "GBGraphics.Core\GBGraphics.Core.csproj", "{E3F1CA65-9261-4745-9D73-9C85C900E369}"
EndProject
Project("{9A19103F-16F7-4668-BE54-9A1E7A4F7556}") = "GBGraphics.Web", "GBGraphics.Web\GBGraphics.Web.csproj", "{125B1681-FD6A-4E12-91F5-64880AB929D6}"
EndProject
Project("{9A19103F-16F7-4668-BE54-9A1E7A4F7556}") = "GBGraphics.AzureFunctions", "GBGraphics.AzureFunctions\GBGraphics.AzureFunctions.csproj", "{C2D466B1-EE69-47D6-B3AA-7239FF0E1413}"
EndProject
Project("{9A19103F-16F7-4668-BE54-9A1E7A4F7556}") = "GBGraphics.Core.Test", "GBGraphics.Core.Test\GBGraphics.Core.Test.csproj", "{639D74AE-E41D-4A72-957F-7743C34A1A87}"
EndProject
Project("{2150E333-8FDC-42A3-9474-1A3956D46DE8}") = "Solution Items", "Solution Items", "{9F63C541-49AE-4CF3-A7C1-D6D524547EC0}"
	ProjectSection(SolutionItems) = preProject
		.travis.yml = .travis.yml
		README.md = README.md
	EndProjectSection
EndProject
Project("{2150E333-8FDC-42A3-9474-1A3956D46DE8}") = "GBGraphics.StaticSite", "GBGraphics.StaticSite", "{2452FCBB-C776-429A-ADE5-65E5ABB1C9B5}"
	ProjectSection(SolutionItems) = preProject
		GBGraphics.StaticSite\index.html = GBGraphics.StaticSite\index.html
	EndProjectSection
EndProject
Project("{2150E333-8FDC-42A3-9474-1A3956D46DE8}") = "css", "css", "{189A68F5-EA8A-45C4-83E7-A09D1D49380A}"
	ProjectSection(SolutionItems) = preProject
		GBGraphics.StaticSite\css\site.css = GBGraphics.StaticSite\css\site.css
	EndProjectSection
EndProject
Project("{2150E333-8FDC-42A3-9474-1A3956D46DE8}") = "js", "js", "{44E7331E-DDCC-4127-A91E-52E0B29DBBB5}"
	ProjectSection(SolutionItems) = preProject
		GBGraphics.StaticSite\js\exif.js = GBGraphics.StaticSite\js\exif.js
		GBGraphics.StaticSite\js\site.js = GBGraphics.StaticSite\js\site.js
	EndProjectSection
EndProject
Project("{2150E333-8FDC-42A3-9474-1A3956D46DE8}") = "img", "img", "{105A54F3-29E3-4AAD-96D1-67DE9525DA69}"
	ProjectSection(SolutionItems) = preProject
		GBGraphics.StaticSite\img\gameboy-bg.png = GBGraphics.StaticSite\img\gameboy-bg.png
	EndProjectSection
EndProject
Global
	GlobalSection(SolutionConfigurationPlatforms) = preSolution
		Debug|Any CPU = Debug|Any CPU
		Release|Any CPU = Release|Any CPU
	EndGlobalSection
	GlobalSection(ProjectConfigurationPlatforms) = postSolution
		{340622A9-8579-4B73-B965-6276C55ED774}.Debug|Any CPU.ActiveCfg = Debug|Any CPU
		{340622A9-8579-4B73-B965-6276C55ED774}.Debug|Any CPU.Build.0 = Debug|Any CPU
		{340622A9-8579-4B73-B965-6276C55ED774}.Release|Any CPU.ActiveCfg = Release|Any CPU
		{340622A9-8579-4B73-B965-6276C55ED774}.Release|Any CPU.Build.0 = Release|Any CPU
		{E3F1CA65-9261-4745-9D73-9C85C900E369}.Debug|Any CPU.ActiveCfg = Debug|Any CPU
		{E3F1CA65-9261-4745-9D73-9C85C900E369}.Debug|Any CPU.Build.0 = Debug|Any CPU
		{E3F1CA65-9261-4745-9D73-9C85C900E369}.Release|Any CPU.ActiveCfg = Release|Any CPU
		{E3F1CA65-9261-4745-9D73-9C85C900E369}.Release|Any CPU.Build.0 = Release|Any CPU
		{125B1681-FD6A-4E12-91F5-64880AB929D6}.Debug|Any CPU.ActiveCfg = Debug|Any CPU
		{125B1681-FD6A-4E12-91F5-64880AB929D6}.Debug|Any CPU.Build.0 = Debug|Any CPU
		{125B1681-FD6A-4E12-91F5-64880AB929D6}.Release|Any CPU.ActiveCfg = Release|Any CPU
		{125B1681-FD6A-4E12-91F5-64880AB929D6}.Release|Any CPU.Build.0 = Release|Any CPU
		{C2D466B1-EE69-47D6-B3AA-7239FF0E1413}.Debug|Any CPU.ActiveCfg = Debug|Any CPU
		{C2D466B1-EE69-47D6-B3AA-7239FF0E1413}.Debug|Any CPU.Build.0 = Debug|Any CPU
		{C2D466B1-EE69-47D6-B3AA-7239FF0E1413}.Release|Any CPU.ActiveCfg = Release|Any CPU
		{C2D466B1-EE69-47D6-B3AA-7239FF0E1413}.Release|Any CPU.Build.0 = Release|Any CPU
		{639D74AE-E41D-4A72-957F-7743C34A1A87}.Debug|Any CPU.ActiveCfg = Debug|Any CPU
		{639D74AE-E41D-4A72-957F-7743C34A1A87}.Debug|Any CPU.Build.0 = Debug|Any CPU
		{639D74AE-E41D-4A72-957F-7743C34A1A87}.Release|Any CPU.ActiveCfg = Release|Any CPU
		{639D74AE-E41D-4A72-957F-7743C34A1A87}.Release|Any CPU.Build.0 = Release|Any CPU
	EndGlobalSection
	GlobalSection(SolutionProperties) = preSolution
		HideSolutionNode = FALSE
	EndGlobalSection
	GlobalSection(NestedProjects) = preSolution
		{2452FCBB-C776-429A-ADE5-65E5ABB1C9B5} = {9F63C541-49AE-4CF3-A7C1-D6D524547EC0}
		{189A68F5-EA8A-45C4-83E7-A09D1D49380A} = {2452FCBB-C776-429A-ADE5-65E5ABB1C9B5}
		{44E7331E-DDCC-4127-A91E-52E0B29DBBB5} = {2452FCBB-C776-429A-ADE5-65E5ABB1C9B5}
		{105A54F3-29E3-4AAD-96D1-67DE9525DA69} = {2452FCBB-C776-429A-ADE5-65E5ABB1C9B5}
	EndGlobalSection
	GlobalSection(ExtensibilityGlobals) = postSolution
		SolutionGuid = {2D99FD19-FAF1-45E1-B015-F4E655736763}
	EndGlobalSection
EndGlobal
