
Microsoft Visual Studio Solution File, Format Version 12.00
# Visual Studio Version 16
VisualStudioVersion = 16.0.29009.5
MinimumVisualStudioVersion = 10.0.40219.1
Project("{FAE04EC0-301F-11D3-BF4B-00C04F79EFBC}") = "GBGraphics.Console", "GBGraphics.Console\GBGraphics.Console.csproj", "{340622A9-8579-4B73-B965-6276C55ED774}"
EndProject
Global
	GlobalSection(SolutionConfigurationPlatforms) = preSolution
		Debug|Any CPU = Debug|Any CPU
		Release|Any CPU = Release|Any CPU
	EndGlobalSection
	GlobalSection(ProjectConfigurationPlatforms) = postSolution
		{340622A9-8579-4B73-B965-6276C55ED774}.Debug|Any CPU.ActiveCfg = Debug|Any CPU
		{340622A9-8579-4B73-B965-6276C55ED774}.Debug|Any CPU.Build.0 = Debug|Any CPU
		{340622A9-8579-4B73-B965-6276C55ED774}.Release|Any CPU.ActiveCfg = Release|Any CPU
		{340622A9-8579-4B73-B965-6276C55ED774}.Release|Any CPU.Build.0 = Release|Any CPU
	EndGlobalSection
	GlobalSection(SolutionProperties) = preSolution
		HideSolutionNode = FALSE
	EndGlobalSection
	GlobalSection(ExtensibilityGlobals) = postSolution
		SolutionGuid = {2D99FD19-FAF1-45E1-B015-F4E655736763}
	EndGlobalSection
EndGlobal
